// !$*UTF8*$!
{
	archiveVersion = 1;
	classes = {
	};
	objectVersion = 56;
	objects = {

/* Begin PBXBuildFile section */
		236E176D2C2BC53C0005817E /* OneRepMaxApp.swift in Sources */ = {isa = PBXBuildFile; fileRef = 236E176C2C2BC53C0005817E /* OneRepMaxApp.swift */; };
		236E176F2C2BC53C0005817E /* ContentView.swift in Sources */ = {isa = PBXBuildFile; fileRef = 236E176E2C2BC53C0005817E /* ContentView.swift */; };
		236E17712C2BC53D0005817E /* Assets.xcassets in Resources */ = {isa = PBXBuildFile; fileRef = 236E17702C2BC53D0005817E /* Assets.xcassets */; };
		236E17742C2BC53D0005817E /* Preview Assets.xcassets in Resources */ = {isa = PBXBuildFile; fileRef = 236E17732C2BC53D0005817E /* Preview Assets.xcassets */; };
		236E177E2C2BC53D0005817E /* OneRepMaxTests.swift in Sources */ = {isa = PBXBuildFile; fileRef = 236E177D2C2BC53D0005817E /* OneRepMaxTests.swift */; };
		236E17882C2BC53D0005817E /* OneRepMaxUITests.swift in Sources */ = {isa = PBXBuildFile; fileRef = 236E17872C2BC53D0005817E /* OneRepMaxUITests.swift */; };
		236E178A2C2BC53D0005817E /* OneRepMaxUITestsLaunchTests.swift in Sources */ = {isa = PBXBuildFile; fileRef = 236E17892C2BC53D0005817E /* OneRepMaxUITestsLaunchTests.swift */; };
		236E17972C2BC5C10005817E /* workoutData.txt in Resources */ = {isa = PBXBuildFile; fileRef = 236E17962C2BC5C10005817E /* workoutData.txt */; };
		236E17992C2BC62E0005817E /* WorkoutEntry.swift in Sources */ = {isa = PBXBuildFile; fileRef = 236E17982C2BC62E0005817E /* WorkoutEntry.swift */; };
		236E179B2C2BC6B50005817E /* WorkoutParser.swift in Sources */ = {isa = PBXBuildFile; fileRef = 236E179A2C2BC6B50005817E /* WorkoutParser.swift */; };
/* End PBXBuildFile section */

/* Begin PBXContainerItemProxy section */
		236E177A2C2BC53D0005817E /* PBXContainerItemProxy */ = {
			isa = PBXContainerItemProxy;
			containerPortal = 236E17612C2BC53C0005817E /* Project object */;
			proxyType = 1;
			remoteGlobalIDString = 236E17682C2BC53C0005817E;
			remoteInfo = OneRepMax;
		};
		236E17842C2BC53D0005817E /* PBXContainerItemProxy */ = {
			isa = PBXContainerItemProxy;
			containerPortal = 236E17612C2BC53C0005817E /* Project object */;
			proxyType = 1;
			remoteGlobalIDString = 236E17682C2BC53C0005817E;
			remoteInfo = OneRepMax;
		};
/* End PBXContainerItemProxy section */

/* Begin PBXFileReference section */
		236E17692C2BC53C0005817E /* OneRepMax.app */ = {isa = PBXFileReference; explicitFileType = wrapper.application; includeInIndex = 0; path = OneRepMax.app; sourceTree = BUILT_PRODUCTS_DIR; };
		236E176C2C2BC53C0005817E /* OneRepMaxApp.swift */ = {isa = PBXFileReference; lastKnownFileType = sourcecode.swift; path = OneRepMaxApp.swift; sourceTree = "<group>"; };
		236E176E2C2BC53C0005817E /* ContentView.swift */ = {isa = PBXFileReference; lastKnownFileType = sourcecode.swift; path = ContentView.swift; sourceTree = "<group>"; };
		236E17702C2BC53D0005817E /* Assets.xcassets */ = {isa = PBXFileReference; lastKnownFileType = folder.assetcatalog; path = Assets.xcassets; sourceTree = "<group>"; };
		236E17732C2BC53D0005817E /* Preview Assets.xcassets */ = {isa = PBXFileReference; lastKnownFileType = folder.assetcatalog; path = "Preview Assets.xcassets"; sourceTree = "<group>"; };
		236E17792C2BC53D0005817E /* OneRepMaxTests.xctest */ = {isa = PBXFileReference; explicitFileType = wrapper.cfbundle; includeInIndex = 0; path = OneRepMaxTests.xctest; sourceTree = BUILT_PRODUCTS_DIR; };
		236E177D2C2BC53D0005817E /* OneRepMaxTests.swift */ = {isa = PBXFileReference; lastKnownFileType = sourcecode.swift; path = OneRepMaxTests.swift; sourceTree = "<group>"; };
		236E17832C2BC53D0005817E /* OneRepMaxUITests.xctest */ = {isa = PBXFileReference; explicitFileType = wrapper.cfbundle; includeInIndex = 0; path = OneRepMaxUITests.xctest; sourceTree = BUILT_PRODUCTS_DIR; };
		236E17872C2BC53D0005817E /* OneRepMaxUITests.swift */ = {isa = PBXFileReference; lastKnownFileType = sourcecode.swift; path = OneRepMaxUITests.swift; sourceTree = "<group>"; };
		236E17892C2BC53D0005817E /* OneRepMaxUITestsLaunchTests.swift */ = {isa = PBXFileReference; lastKnownFileType = sourcecode.swift; path = OneRepMaxUITestsLaunchTests.swift; sourceTree = "<group>"; };
		236E17962C2BC5C10005817E /* workoutData.txt */ = {isa = PBXFileReference; fileEncoding = 4; lastKnownFileType = text; path = workoutData.txt; sourceTree = "<group>"; };
		236E17982C2BC62E0005817E /* WorkoutEntry.swift */ = {isa = PBXFileReference; lastKnownFileType = sourcecode.swift; path = WorkoutEntry.swift; sourceTree = "<group>"; };
		236E179A2C2BC6B50005817E /* WorkoutParser.swift */ = {isa = PBXFileReference; lastKnownFileType = sourcecode.swift; path = WorkoutParser.swift; sourceTree = "<group>"; };
/* End PBXFileReference section */

/* Begin PBXFrameworksBuildPhase section */
		236E17662C2BC53C0005817E /* Frameworks */ = {
			isa = PBXFrameworksBuildPhase;
			buildActionMask = 2147483647;
			files = (
			);
			runOnlyForDeploymentPostprocessing = 0;
		};
		236E17762C2BC53D0005817E /* Frameworks */ = {
			isa = PBXFrameworksBuildPhase;
			buildActionMask = 2147483647;
			files = (
			);
			runOnlyForDeploymentPostprocessing = 0;
		};
		236E17802C2BC53D0005817E /* Frameworks */ = {
			isa = PBXFrameworksBuildPhase;
			buildActionMask = 2147483647;
			files = (
			);
			runOnlyForDeploymentPostprocessing = 0;
		};
/* End PBXFrameworksBuildPhase section */

/* Begin PBXGroup section */
		236E17602C2BC53C0005817E = {
			isa = PBXGroup;
			children = (
				236E176B2C2BC53C0005817E /* OneRepMax */,
				236E177C2C2BC53D0005817E /* OneRepMaxTests */,
				236E17862C2BC53D0005817E /* OneRepMaxUITests */,
				236E176A2C2BC53C0005817E /* Products */,
			);
			sourceTree = "<group>";
		};
		236E176A2C2BC53C0005817E /* Products */ = {
			isa = PBXGroup;
			children = (
				236E17692C2BC53C0005817E /* OneRepMax.app */,
				236E17792C2BC53D0005817E /* OneRepMaxTests.xctest */,
				236E17832C2BC53D0005817E /* OneRepMaxUITests.xctest */,
			);
			name = Products;
			sourceTree = "<group>";
		};
		236E176B2C2BC53C0005817E /* OneRepMax */ = {
			isa = PBXGroup;
			children = (
				236E17962C2BC5C10005817E /* workoutData.txt */,
				236E176C2C2BC53C0005817E /* OneRepMaxApp.swift */,
				236E176E2C2BC53C0005817E /* ContentView.swift */,
				236E17702C2BC53D0005817E /* Assets.xcassets */,
				236E17722C2BC53D0005817E /* Preview Content */,
				236E17982C2BC62E0005817E /* WorkoutEntry.swift */,
				236E179A2C2BC6B50005817E /* WorkoutParser.swift */,
			);
			path = OneRepMax;
			sourceTree = "<group>";
		};
		236E17722C2BC53D0005817E /* Preview Content */ = {
			isa = PBXGroup;
			children = (
				236E17732C2BC53D0005817E /* Preview Assets.xcassets */,
			);
			path = "Preview Content";
			sourceTree = "<group>";
		};
		236E177C2C2BC53D0005817E /* OneRepMaxTests */ = {
			isa = PBXGroup;
			children = (
				236E177D2C2BC53D0005817E /* OneRepMaxTests.swift */,
			);
			path = OneRepMaxTests;
			sourceTree = "<group>";
		};
		236E17862C2BC53D0005817E /* OneRepMaxUITests */ = {
			isa = PBXGroup;
			children = (
				236E17872C2BC53D0005817E /* OneRepMaxUITests.swift */,
				236E17892C2BC53D0005817E /* OneRepMaxUITestsLaunchTests.swift */,
			);
			path = OneRepMaxUITests;
			sourceTree = "<group>";
		};
/* End PBXGroup section */

/* Begin PBXNativeTarget section */
		236E17682C2BC53C0005817E /* OneRepMax */ = {
			isa = PBXNativeTarget;
			buildConfigurationList = 236E178D2C2BC53D0005817E /* Build configuration list for PBXNativeTarget "OneRepMax" */;
			buildPhases = (
				236E17652C2BC53C0005817E /* Sources */,
				236E17662C2BC53C0005817E /* Frameworks */,
				236E17672C2BC53C0005817E /* Resources */,
			);
			buildRules = (
			);
			dependencies = (
			);
			name = OneRepMax;
			productName = OneRepMax;
			productReference = 236E17692C2BC53C0005817E /* OneRepMax.app */;
			productType = "com.apple.product-type.application";
		};
		236E17782C2BC53D0005817E /* OneRepMaxTests */ = {
			isa = PBXNativeTarget;
			buildConfigurationList = 236E17902C2BC53D0005817E /* Build configuration list for PBXNativeTarget "OneRepMaxTests" */;
			buildPhases = (
				236E17752C2BC53D0005817E /* Sources */,
				236E17762C2BC53D0005817E /* Frameworks */,
				236E17772C2BC53D0005817E /* Resources */,
			);
			buildRules = (
			);
			dependencies = (
				236E177B2C2BC53D0005817E /* PBXTargetDependency */,
			);
			name = OneRepMaxTests;
			productName = OneRepMaxTests;
			productReference = 236E17792C2BC53D0005817E /* OneRepMaxTests.xctest */;
			productType = "com.apple.product-type.bundle.unit-test";
		};
		236E17822C2BC53D0005817E /* OneRepMaxUITests */ = {
			isa = PBXNativeTarget;
			buildConfigurationList = 236E17932C2BC53D0005817E /* Build configuration list for PBXNativeTarget "OneRepMaxUITests" */;
			buildPhases = (
				236E177F2C2BC53D0005817E /* Sources */,
				236E17802C2BC53D0005817E /* Frameworks */,
				236E17812C2BC53D0005817E /* Resources */,
			);
			buildRules = (
			);
			dependencies = (
				236E17852C2BC53D0005817E /* PBXTargetDependency */,
			);
			name = OneRepMaxUITests;
			productName = OneRepMaxUITests;
			productReference = 236E17832C2BC53D0005817E /* OneRepMaxUITests.xctest */;
			productType = "com.apple.product-type.bundle.ui-testing";
		};
/* End PBXNativeTarget section */

/* Begin PBXProject section */
		236E17612C2BC53C0005817E /* Project object */ = {
			isa = PBXProject;
			attributes = {
				BuildIndependentTargetsInParallel = 1;
				LastSwiftUpdateCheck = 1530;
				LastUpgradeCheck = 1530;
				TargetAttributes = {
					236E17682C2BC53C0005817E = {
						CreatedOnToolsVersion = 15.3;
					};
					236E17782C2BC53D0005817E = {
						CreatedOnToolsVersion = 15.3;
						TestTargetID = 236E17682C2BC53C0005817E;
					};
					236E17822C2BC53D0005817E = {
						CreatedOnToolsVersion = 15.3;
						TestTargetID = 236E17682C2BC53C0005817E;
					};
				};
			};
			buildConfigurationList = 236E17642C2BC53C0005817E /* Build configuration list for PBXProject "OneRepMax" */;
			compatibilityVersion = "Xcode 14.0";
			developmentRegion = en;
			hasScannedForEncodings = 0;
			knownRegions = (
				en,
				Base,
			);
			mainGroup = 236E17602C2BC53C0005817E;
			productRefGroup = 236E176A2C2BC53C0005817E /* Products */;
			projectDirPath = "";
			projectRoot = "";
			targets = (
				236E17682C2BC53C0005817E /* OneRepMax */,
				236E17782C2BC53D0005817E /* OneRepMaxTests */,
				236E17822C2BC53D0005817E /* OneRepMaxUITests */,
			);
		};
/* End PBXProject section */

/* Begin PBXResourcesBuildPhase section */
		236E17672C2BC53C0005817E /* Resources */ = {
			isa = PBXResourcesBuildPhase;
			buildActionMask = 2147483647;
			files = (
				236E17742C2BC53D0005817E /* Preview Assets.xcassets in Resources */,
				236E17712C2BC53D0005817E /* Assets.xcassets in Resources */,
				236E17972C2BC5C10005817E /* workoutData.txt in Resources */,
			);
			runOnlyForDeploymentPostprocessing = 0;
		};
		236E17772C2BC53D0005817E /* Resources */ = {
			isa = PBXResourcesBuildPhase;
			buildActionMask = 2147483647;
			files = (
			);
			runOnlyForDeploymentPostprocessing = 0;
		};
		236E17812C2BC53D0005817E /* Resources */ = {
			isa = PBXResourcesBuildPhase;
			buildActionMask = 2147483647;
			files = (
			);
			runOnlyForDeploymentPostprocessing = 0;
		};
/* End PBXResourcesBuildPhase section */

/* Begin PBXSourcesBuildPhase section */
		236E17652C2BC53C0005817E /* Sources */ = {
			isa = PBXSourcesBuildPhase;
			buildActionMask = 2147483647;
			files = (
				236E176F2C2BC53C0005817E /* ContentView.swift in Sources */,
				236E176D2C2BC53C0005817E /* OneRepMaxApp.swift in Sources */,
				236E179B2C2BC6B50005817E /* WorkoutParser.swift in Sources */,
				236E17992C2BC62E0005817E /* WorkoutEntry.swift in Sources */,
			);
			runOnlyForDeploymentPostprocessing = 0;
		};
		236E17752C2BC53D0005817E /* Sources */ = {
			isa = PBXSourcesBuildPhase;
			buildActionMask = 2147483647;
			files = (
				236E177E2C2BC53D0005817E /* OneRepMaxTests.swift in Sources */,
			);
			runOnlyForDeploymentPostprocessing = 0;
		};
		236E177F2C2BC53D0005817E /* Sources */ = {
			isa = PBXSourcesBuildPhase;
			buildActionMask = 2147483647;
			files = (
				236E178A2C2BC53D0005817E /* OneRepMaxUITestsLaunchTests.swift in Sources */,
				236E17882C2BC53D0005817E /* OneRepMaxUITests.swift in Sources */,
			);
			runOnlyForDeploymentPostprocessing = 0;
		};
/* End PBXSourcesBuildPhase section */

/* Begin PBXTargetDependency section */
		236E177B2C2BC53D0005817E /* PBXTargetDependency */ = {
			isa = PBXTargetDependency;
			target = 236E17682C2BC53C0005817E /* OneRepMax */;
			targetProxy = 236E177A2C2BC53D0005817E /* PBXContainerItemProxy */;
		};
		236E17852C2BC53D0005817E /* PBXTargetDependency */ = {
			isa = PBXTargetDependency;
			target = 236E17682C2BC53C0005817E /* OneRepMax */;
			targetProxy = 236E17842C2BC53D0005817E /* PBXContainerItemProxy */;
		};
/* End PBXTargetDependency section */

/* Begin XCBuildConfiguration section */
		236E178B2C2BC53D0005817E /* Debug */ = {
			isa = XCBuildConfiguration;
			buildSettings = {
				ALWAYS_SEARCH_USER_PATHS = NO;
				ASSETCATALOG_COMPILER_GENERATE_SWIFT_ASSET_SYMBOL_EXTENSIONS = YES;
				CLANG_ANALYZER_NONNULL = YES;
				CLANG_ANALYZER_NUMBER_OBJECT_CONVERSION = YES_AGGRESSIVE;
				CLANG_CXX_LANGUAGE_STANDARD = "gnu++20";
				CLANG_ENABLE_MODULES = YES;
				CLANG_ENABLE_OBJC_ARC = YES;
				CLANG_ENABLE_OBJC_WEAK = YES;
				CLANG_WARN_BLOCK_CAPTURE_AUTORELEASING = YES;
				CLANG_WARN_BOOL_CONVERSION = YES;
				CLANG_WARN_COMMA = YES;
				CLANG_WARN_CONSTANT_CONVERSION = YES;
				CLANG_WARN_DEPRECATED_OBJC_IMPLEMENTATIONS = YES;
				CLANG_WARN_DIRECT_OBJC_ISA_USAGE = YES_ERROR;
				CLANG_WARN_DOCUMENTATION_COMMENTS = YES;
				CLANG_WARN_EMPTY_BODY = YES;
				CLANG_WARN_ENUM_CONVERSION = YES;
				CLANG_WARN_INFINITE_RECURSION = YES;
				CLANG_WARN_INT_CONVERSION = YES;
				CLANG_WARN_NON_LITERAL_NULL_CONVERSION = YES;
				CLANG_WARN_OBJC_IMPLICIT_RETAIN_SELF = YES;
				CLANG_WARN_OBJC_LITERAL_CONVERSION = YES;
				CLANG_WARN_OBJC_ROOT_CLASS = YES_ERROR;
				CLANG_WARN_QUOTED_INCLUDE_IN_FRAMEWORK_HEADER = YES;
				CLANG_WARN_RANGE_LOOP_ANALYSIS = YES;
				CLANG_WARN_STRICT_PROTOTYPES = YES;
				CLANG_WARN_SUSPICIOUS_MOVE = YES;
				CLANG_WARN_UNGUARDED_AVAILABILITY = YES_AGGRESSIVE;
				CLANG_WARN_UNREACHABLE_CODE = YES;
				CLANG_WARN__DUPLICATE_METHOD_MATCH = YES;
				COPY_PHASE_STRIP = NO;
				DEBUG_INFORMATION_FORMAT = dwarf;
				ENABLE_STRICT_OBJC_MSGSEND = YES;
				ENABLE_TESTABILITY = YES;
				ENABLE_USER_SCRIPT_SANDBOXING = YES;
				GCC_C_LANGUAGE_STANDARD = gnu17;
				GCC_DYNAMIC_NO_PIC = NO;
				GCC_NO_COMMON_BLOCKS = YES;
				GCC_OPTIMIZATION_LEVEL = 0;
				GCC_PREPROCESSOR_DEFINITIONS = (
					"DEBUG=1",
					"$(inherited)",
				);
				GCC_WARN_64_TO_32_BIT_CONVERSION = YES;
				GCC_WARN_ABOUT_RETURN_TYPE = YES_ERROR;
				GCC_WARN_UNDECLARED_SELECTOR = YES;
				GCC_WARN_UNINITIALIZED_AUTOS = YES_AGGRESSIVE;
				GCC_WARN_UNUSED_FUNCTION = YES;
				GCC_WARN_UNUSED_VARIABLE = YES;
				IPHONEOS_DEPLOYMENT_TARGET = 17.4;
				LOCALIZATION_PREFERS_STRING_CATALOGS = YES;
				MTL_ENABLE_DEBUG_INFO = INCLUDE_SOURCE;
				MTL_FAST_MATH = YES;
				ONLY_ACTIVE_ARCH = YES;
				SDKROOT = iphoneos;
				SWIFT_ACTIVE_COMPILATION_CONDITIONS = "DEBUG $(inherited)";
				SWIFT_OPTIMIZATION_LEVEL = "-Onone";
			};
			name = Debug;
		};
		236E178C2C2BC53D0005817E /* Release */ = {
			isa = XCBuildConfiguration;
			buildSettings = {
				ALWAYS_SEARCH_USER_PATHS = NO;
				ASSETCATALOG_COMPILER_GENERATE_SWIFT_ASSET_SYMBOL_EXTENSIONS = YES;
				CLANG_ANALYZER_NONNULL = YES;
				CLANG_ANALYZER_NUMBER_OBJECT_CONVERSION = YES_AGGRESSIVE;
				CLANG_CXX_LANGUAGE_STANDARD = "gnu++20";
				CLANG_ENABLE_MODULES = YES;
				CLANG_ENABLE_OBJC_ARC = YES;
				CLANG_ENABLE_OBJC_WEAK = YES;
				CLANG_WARN_BLOCK_CAPTURE_AUTORELEASING = YES;
				CLANG_WARN_BOOL_CONVERSION = YES;
				CLANG_WARN_COMMA = YES;
				CLANG_WARN_CONSTANT_CONVERSION = YES;
				CLANG_WARN_DEPRECATED_OBJC_IMPLEMENTATIONS = YES;
				CLANG_WARN_DIRECT_OBJC_ISA_USAGE = YES_ERROR;
				CLANG_WARN_DOCUMENTATION_COMMENTS = YES;
				CLANG_WARN_EMPTY_BODY = YES;
				CLANG_WARN_ENUM_CONVERSION = YES;
				CLANG_WARN_INFINITE_RECURSION = YES;
				CLANG_WARN_INT_CONVERSION = YES;
				CLANG_WARN_NON_LITERAL_NULL_CONVERSION = YES;
				CLANG_WARN_OBJC_IMPLICIT_RETAIN_SELF = YES;
				CLANG_WARN_OBJC_LITERAL_CONVERSION = YES;
				CLANG_WARN_OBJC_ROOT_CLASS = YES_ERROR;
				CLANG_WARN_QUOTED_INCLUDE_IN_FRAMEWORK_HEADER = YES;
				CLANG_WARN_RANGE_LOOP_ANALYSIS = YES;
				CLANG_WARN_STRICT_PROTOTYPES = YES;
				CLANG_WARN_SUSPICIOUS_MOVE = YES;
				CLANG_WARN_UNGUARDED_AVAILABILITY = YES_AGGRESSIVE;
				CLANG_WARN_UNREACHABLE_CODE = YES;
				CLANG_WARN__DUPLICATE_METHOD_MATCH = YES;
				COPY_PHASE_STRIP = NO;
				DEBUG_INFORMATION_FORMAT = "dwarf-with-dsym";
				ENABLE_NS_ASSERTIONS = NO;
				ENABLE_STRICT_OBJC_MSGSEND = YES;
				ENABLE_USER_SCRIPT_SANDBOXING = YES;
				GCC_C_LANGUAGE_STANDARD = gnu17;
				GCC_NO_COMMON_BLOCKS = YES;
				GCC_WARN_64_TO_32_BIT_CONVERSION = YES;
				GCC_WARN_ABOUT_RETURN_TYPE = YES_ERROR;
				GCC_WARN_UNDECLARED_SELECTOR = YES;
				GCC_WARN_UNINITIALIZED_AUTOS = YES_AGGRESSIVE;
				GCC_WARN_UNUSED_FUNCTION = YES;
				GCC_WARN_UNUSED_VARIABLE = YES;
				IPHONEOS_DEPLOYMENT_TARGET = 17.4;
				LOCALIZATION_PREFERS_STRING_CATALOGS = YES;
				MTL_ENABLE_DEBUG_INFO = NO;
				MTL_FAST_MATH = YES;
				SDKROOT = iphoneos;
				SWIFT_COMPILATION_MODE = wholemodule;
				VALIDATE_PRODUCT = YES;
			};
			name = Release;
		};
		236E178E2C2BC53D0005817E /* Debug */ = {
			isa = XCBuildConfiguration;
			buildSettings = {
				ASSETCATALOG_COMPILER_APPICON_NAME = AppIcon;
				ASSETCATALOG_COMPILER_GLOBAL_ACCENT_COLOR_NAME = AccentColor;
				CODE_SIGN_STYLE = Automatic;
				CURRENT_PROJECT_VERSION = 1;
				DEVELOPMENT_ASSET_PATHS = "\"OneRepMax/Preview Content\"";
				DEVELOPMENT_TEAM = 43E5999VF8;
				ENABLE_PREVIEWS = YES;
				GENERATE_INFOPLIST_FILE = YES;
				INFOPLIST_KEY_UIApplicationSceneManifest_Generation = YES;
				INFOPLIST_KEY_UIApplicationSupportsIndirectInputEvents = YES;
				INFOPLIST_KEY_UILaunchScreen_Generation = YES;
				INFOPLIST_KEY_UISupportedInterfaceOrientations_iPad = "UIInterfaceOrientationPortrait UIInterfaceOrientationPortraitUpsideDown UIInterfaceOrientationLandscapeLeft UIInterfaceOrientationLandscapeRight";
				INFOPLIST_KEY_UISupportedInterfaceOrientations_iPhone = "UIInterfaceOrientationPortrait UIInterfaceOrientationLandscapeLeft UIInterfaceOrientationLandscapeRight";
				LD_RUNPATH_SEARCH_PATHS = (
					"$(inherited)",
					"@executable_path/Frameworks",
				);
				MARKETING_VERSION = 1.0;
				PRODUCT_BUNDLE_IDENTIFIER = com.company.OneRepMax;
				PRODUCT_NAME = "$(TARGET_NAME)";
				SWIFT_EMIT_LOC_STRINGS = YES;
				SWIFT_VERSION = 5.0;
				TARGETED_DEVICE_FAMILY = "1,2";
			};
			name = Debug;
		};
		236E178F2C2BC53D0005817E /* Release */ = {
			isa = XCBuildConfiguration;
			buildSettings = {
				ASSETCATALOG_COMPILER_APPICON_NAME = AppIcon;
				ASSETCATALOG_COMPILER_GLOBAL_ACCENT_COLOR_NAME = AccentColor;
				CODE_SIGN_STYLE = Automatic;
				CURRENT_PROJECT_VERSION = 1;
				DEVELOPMENT_ASSET_PATHS = "\"OneRepMax/Preview Content\"";
				DEVELOPMENT_TEAM = 43E5999VF8;
				ENABLE_PREVIEWS = YES;
				GENERATE_INFOPLIST_FILE = YES;
				INFOPLIST_KEY_UIApplicationSceneManifest_Generation = YES;
				INFOPLIST_KEY_UIApplicationSupportsIndirectInputEvents = YES;
				INFOPLIST_KEY_UILaunchScreen_Generation = YES;
				INFOPLIST_KEY_UISupportedInterfaceOrientations_iPad = "UIInterfaceOrientationPortrait UIInterfaceOrientationPortraitUpsideDown UIInterfaceOrientationLandscapeLeft UIInterfaceOrientationLandscapeRight";
				INFOPLIST_KEY_UISupportedInterfaceOrientations_iPhone = "UIInterfaceOrientationPortrait UIInterfaceOrientationLandscapeLeft UIInterfaceOrientationLandscapeRight";
				LD_RUNPATH_SEARCH_PATHS = (
					"$(inherited)",
					"@executable_path/Frameworks",
				);
				MARKETING_VERSION = 1.0;
				PRODUCT_BUNDLE_IDENTIFIER = com.company.OneRepMax;
				PRODUCT_NAME = "$(TARGET_NAME)";
				SWIFT_EMIT_LOC_STRINGS = YES;
				SWIFT_VERSION = 5.0;
				TARGETED_DEVICE_FAMILY = "1,2";
			};
			name = Release;
		};
		236E17912C2BC53D0005817E /* Debug */ = {
			isa = XCBuildConfiguration;
			buildSettings = {
				ALWAYS_EMBED_SWIFT_STANDARD_LIBRARIES = YES;
				BUNDLE_LOADER = "$(TEST_HOST)";
				CODE_SIGN_STYLE = Automatic;
				CURRENT_PROJECT_VERSION = 1;
				DEVELOPMENT_TEAM = 43E5999VF8;
				GENERATE_INFOPLIST_FILE = YES;
				IPHONEOS_DEPLOYMENT_TARGET = 17.4;
				MARKETING_VERSION = 1.0;
				PRODUCT_BUNDLE_IDENTIFIER = com.company.OneRepMaxTests;
				PRODUCT_NAME = "$(TARGET_NAME)";
				SWIFT_EMIT_LOC_STRINGS = NO;
				SWIFT_VERSION = 5.0;
				TARGETED_DEVICE_FAMILY = "1,2";
				TEST_HOST = "$(BUILT_PRODUCTS_DIR)/OneRepMax.app/$(BUNDLE_EXECUTABLE_FOLDER_PATH)/OneRepMax";
			};
			name = Debug;
		};
		236E17922C2BC53D0005817E /* Release */ = {
			isa = XCBuildConfiguration;
			buildSettings = {
				ALWAYS_EMBED_SWIFT_STANDARD_LIBRARIES = YES;
				BUNDLE_LOADER = "$(TEST_HOST)";
				CODE_SIGN_STYLE = Automatic;
				CURRENT_PROJECT_VERSION = 1;
				DEVELOPMENT_TEAM = 43E5999VF8;
				GENERATE_INFOPLIST_FILE = YES;
				IPHONEOS_DEPLOYMENT_TARGET = 17.4;
				MARKETING_VERSION = 1.0;
				PRODUCT_BUNDLE_IDENTIFIER = com.company.OneRepMaxTests;
				PRODUCT_NAME = "$(TARGET_NAME)";
				SWIFT_EMIT_LOC_STRINGS = NO;
				SWIFT_VERSION = 5.0;
				TARGETED_DEVICE_FAMILY = "1,2";
				TEST_HOST = "$(BUILT_PRODUCTS_DIR)/OneRepMax.app/$(BUNDLE_EXECUTABLE_FOLDER_PATH)/OneRepMax";
			};
			name = Release;
		};
		236E17942C2BC53D0005817E /* Debug */ = {
			isa = XCBuildConfiguration;
			buildSettings = {
				ALWAYS_EMBED_SWIFT_STANDARD_LIBRARIES = YES;
				CODE_SIGN_STYLE = Automatic;
				CURRENT_PROJECT_VERSION = 1;
				DEVELOPMENT_TEAM = 43E5999VF8;
				GENERATE_INFOPLIST_FILE = YES;
				MARKETING_VERSION = 1.0;
				PRODUCT_BUNDLE_IDENTIFIER = com.company.OneRepMaxUITests;
				PRODUCT_NAME = "$(TARGET_NAME)";
				SWIFT_EMIT_LOC_STRINGS = NO;
				SWIFT_VERSION = 5.0;
				TARGETED_DEVICE_FAMILY = "1,2";
				TEST_TARGET_NAME = OneRepMax;
			};
			name = Debug;
		};
		236E17952C2BC53D0005817E /* Release */ = {
			isa = XCBuildConfiguration;
			buildSettings = {
				ALWAYS_EMBED_SWIFT_STANDARD_LIBRARIES = YES;
				CODE_SIGN_STYLE = Automatic;
				CURRENT_PROJECT_VERSION = 1;
				DEVELOPMENT_TEAM = 43E5999VF8;
				GENERATE_INFOPLIST_FILE = YES;
				MARKETING_VERSION = 1.0;
				PRODUCT_BUNDLE_IDENTIFIER = com.company.OneRepMaxUITests;
				PRODUCT_NAME = "$(TARGET_NAME)";
				SWIFT_EMIT_LOC_STRINGS = NO;
				SWIFT_VERSION = 5.0;
				TARGETED_DEVICE_FAMILY = "1,2";
				TEST_TARGET_NAME = OneRepMax;
			};
			name = Release;
		};
/* End XCBuildConfiguration section */

/* Begin XCConfigurationList section */
		236E17642C2BC53C0005817E /* Build configuration list for PBXProject "OneRepMax" */ = {
			isa = XCConfigurationList;
			buildConfigurations = (
				236E178B2C2BC53D0005817E /* Debug */,
				236E178C2C2BC53D0005817E /* Release */,
			);
			defaultConfigurationIsVisible = 0;
			defaultConfigurationName = Release;
		};
		236E178D2C2BC53D0005817E /* Build configuration list for PBXNativeTarget "OneRepMax" */ = {
			isa = XCConfigurationList;
			buildConfigurations = (
				236E178E2C2BC53D0005817E /* Debug */,
				236E178F2C2BC53D0005817E /* Release */,
			);
			defaultConfigurationIsVisible = 0;
			defaultConfigurationName = Release;
		};
		236E17902C2BC53D0005817E /* Build configuration list for PBXNativeTarget "OneRepMaxTests" */ = {
			isa = XCConfigurationList;
			buildConfigurations = (
				236E17912C2BC53D0005817E /* Debug */,
				236E17922C2BC53D0005817E /* Release */,
			);
			defaultConfigurationIsVisible = 0;
			defaultConfigurationName = Release;
		};
		236E17932C2BC53D0005817E /* Build configuration list for PBXNativeTarget "OneRepMaxUITests" */ = {
			isa = XCConfigurationList;
			buildConfigurations = (
				236E17942C2BC53D0005817E /* Debug */,
				236E17952C2BC53D0005817E /* Release */,
			);
			defaultConfigurationIsVisible = 0;
			defaultConfigurationName = Release;
		};
/* End XCConfigurationList section */
	};
	rootObject = 236E17612C2BC53C0005817E /* Project object */;
}
